
Microsoft Visual Studio Solution File, Format Version 12.00
# Visual Studio Version 16
VisualStudioVersion = 16.0.32106.194
MinimumVisualStudioVersion = 10.0.40219.1
Project("{2150E333-8FDC-42A3-9474-1A3956D46DE8}") = "Tests", "Tests", "{F75D4600-C18D-4A86-AA26-7B82E0E7F46D}"
EndProject
Project("{FAE04EC0-301F-11D3-BF4B-00C04F79EFBC}") = "QuestCodeChallenge", "QuestCodeChallenge\QuestCodeChallenge.csproj", "{EE6DE81E-2980-400B-9ED4-6B5BD9D5EC98}"
EndProject
Project("{FAE04EC0-301F-11D3-BF4B-00C04F79EFBC}") = "UnitTestCodechallenger", "Tests\UnitTestCodechallenger\UnitTestCodechallenger.csproj", "{9ECD3917-1386-4568-A4B3-A74C3835D248}"
EndProject
Global
	GlobalSection(SolutionConfigurationPlatforms) = preSolution
		Debug|Any CPU = Debug|Any CPU
		Release|Any CPU = Release|Any CPU
	EndGlobalSection
	GlobalSection(ProjectConfigurationPlatforms) = postSolution
		{EE6DE81E-2980-400B-9ED4-6B5BD9D5EC98}.Debug|Any CPU.ActiveCfg = Debug|Any CPU
		{EE6DE81E-2980-400B-9ED4-6B5BD9D5EC98}.Debug|Any CPU.Build.0 = Debug|Any CPU
		{EE6DE81E-2980-400B-9ED4-6B5BD9D5EC98}.Release|Any CPU.ActiveCfg = Release|Any CPU
		{EE6DE81E-2980-400B-9ED4-6B5BD9D5EC98}.Release|Any CPU.Build.0 = Release|Any CPU
		{9ECD3917-1386-4568-A4B3-A74C3835D248}.Debug|Any CPU.ActiveCfg = Debug|Any CPU
		{9ECD3917-1386-4568-A4B3-A74C3835D248}.Debug|Any CPU.Build.0 = Debug|Any CPU
		{9ECD3917-1386-4568-A4B3-A74C3835D248}.Release|Any CPU.ActiveCfg = Release|Any CPU
		{9ECD3917-1386-4568-A4B3-A74C3835D248}.Release|Any CPU.Build.0 = Release|Any CPU
	EndGlobalSection
	GlobalSection(SolutionProperties) = preSolution
		HideSolutionNode = FALSE
	EndGlobalSection
	GlobalSection(NestedProjects) = preSolution
		{9ECD3917-1386-4568-A4B3-A74C3835D248} = {F75D4600-C18D-4A86-AA26-7B82E0E7F46D}
	EndGlobalSection
	GlobalSection(ExtensibilityGlobals) = postSolution
		SolutionGuid = {A2474A4E-033D-42F4-88C8-6DF60D830E40}
	EndGlobalSection
EndGlobal
